{
  "nodes": {
    "nixpkgs": {
      "locked": {
        "lastModified": 1757810152,
        "narHash": "sha256-Vp9K5ol6h0J90jG7Rm4RWZsCB3x7v5VPx588TQ1dkfs=",
        "owner": "nixos",
        "repo": "nixpkgs",
        "rev": "9a094440e02a699be5c57453a092a8baf569bdad",
        "type": "github"
      },
      "original": {
        "owner": "nixos",
        "ref": "nixos-25.05",
        "repo": "nixpkgs",
        "type": "github"
      }
    },
    "root": {
      "inputs": {
        "nixpkgs": "nixpkgs",
        "secrets": "secrets"
      }
    },
    "secrets": {
      "locked": {
        "lastModified": 1756375925,
        "narHash": "sha256-Ru1KJrNKyhTQYR8J3cpptwwXGzQK9YkOQfpzb3agNHE=",
        "ref": "refs/heads/main",
        "rev": "74cff86d61a581da289970c73377ae34bd6e0b60",
        "revCount": 2,
        "type": "git",
        "url": "ssh://git@github.com/mboes/nixos-configuration-secrets"
      },
      "original": {
        "type": "git",
        "url": "ssh://git@github.com/mboes/nixos-configuration-secrets"
      }
    }
  },
  "root": "root",
  "version": 7
}
