{
  "nodes": {
    "elephant": {
      "inputs": {
        "nixpkgs": "nixpkgs_2",
        "systems": "systems_2"
      },
      "locked": {
        "lastModified": 1757324547,
        "narHash": "sha256-tF02X+iIca3/KrO6A6etU2aoAjkSFWtPjXXngncaazA=",
        "owner": "abenz1267",
        "repo": "elephant",
        "rev": "8eddcd1fe46159ff25dcdf79b658bc6fa95249fc",
        "type": "github"
      },
      "original": {
        "owner": "abenz1267",
        "repo": "elephant",
        "type": "github"
      }
    },
    "nixpkgs": {
      "locked": {
        "lastModified": 1758346548,
        "narHash": "sha256-afXE7AJ7MY6wY1pg/Y6UPHNYPy5GtUKeBkrZZ/gC71E=",
        "owner": "nixos",
        "repo": "nixpkgs",
        "rev": "b2a3852bd078e68dd2b3dfa8c00c67af1f0a7d20",
        "type": "github"
      },
      "original": {
        "owner": "nixos",
        "ref": "nixos-25.05",
        "repo": "nixpkgs",
        "type": "github"
      }
    },
    "nixpkgs_2": {
      "locked": {
        "lastModified": 1757068644,
        "narHash": "sha256-NOrUtIhTkIIumj1E/Rsv1J37Yi3xGStISEo8tZm3KW4=",
        "owner": "NixOS",
        "repo": "nixpkgs",
        "rev": "8eb28adfa3dc4de28e792e3bf49fcf9007ca8ac9",
        "type": "github"
      },
      "original": {
        "owner": "NixOS",
        "ref": "nixos-unstable",
        "repo": "nixpkgs",
        "type": "github"
      }
    },
    "nixpkgs_3": {
      "locked": {
        "lastModified": 1757068644,
        "narHash": "sha256-NOrUtIhTkIIumj1E/Rsv1J37Yi3xGStISEo8tZm3KW4=",
        "owner": "NixOS",
        "repo": "nixpkgs",
        "rev": "8eb28adfa3dc4de28e792e3bf49fcf9007ca8ac9",
        "type": "github"
      },
      "original": {
        "owner": "NixOS",
        "ref": "nixos-unstable",
        "repo": "nixpkgs",
        "type": "github"
      }
    },
    "root": {
      "inputs": {
        "nixpkgs": "nixpkgs",
        "secrets": "secrets",
        "systems": "systems",
        "walker": "walker",
        "wiremix": "wiremix"
      }
    },
    "secrets": {
      "locked": {
        "lastModified": 1756375925,
        "narHash": "sha256-Ru1KJrNKyhTQYR8J3cpptwwXGzQK9YkOQfpzb3agNHE=",
        "ref": "refs/heads/main",
        "rev": "74cff86d61a581da289970c73377ae34bd6e0b60",
        "revCount": 2,
        "type": "git",
        "url": "ssh://git@github.com/mboes/nixos-configuration-secrets"
      },
      "original": {
        "type": "git",
        "url": "ssh://git@github.com/mboes/nixos-configuration-secrets"
      }
    },
    "systems": {
      "locked": {
        "lastModified": 1681028828,
        "narHash": "sha256-Vy1rq5AaRuLzOxct8nz4T6wlgyUR7zLU309k9mBC768=",
        "owner": "nix-systems",
        "repo": "default",
        "rev": "da67096a3b9bf56a91d16901293e51ba5b49a27e",
        "type": "github"
      },
      "original": {
        "owner": "nix-systems",
        "repo": "default",
        "type": "github"
      }
    },
    "systems_2": {
      "locked": {
        "lastModified": 1689347949,
        "narHash": "sha256-12tWmuL2zgBgZkdoB6qXZsgJEH9LR3oUgpaQq2RbI80=",
        "owner": "nix-systems",
        "repo": "default-linux",
        "rev": "31732fcf5e8fea42e59c2488ad31a0e651500f68",
        "type": "github"
      },
      "original": {
        "owner": "nix-systems",
        "repo": "default-linux",
        "type": "github"
      }
    },
    "walker": {
      "inputs": {
        "elephant": "elephant",
        "nixpkgs": "nixpkgs_3",
        "systems": [
          "systems"
        ]
      },
      "locked": {
        "lastModified": 1758354906,
        "narHash": "sha256-6jwS4S4L+0UZ6XZCZw3cC6DC2VOa/xVzjEM0qv6Y+3I=",
        "owner": "abenz1267",
        "repo": "walker",
        "rev": "a7c9af2ecc88176974e625df3f2dba6a4028f76d",
        "type": "github"
      },
      "original": {
        "owner": "abenz1267",
        "repo": "walker",
        "type": "github"
      }
    },
    "wiremix": {
      "inputs": {
        "nixpkgs": [
          "nixpkgs"
        ],
        "systems": [
          "systems"
        ]
      },
      "locked": {
        "lastModified": 1758254107,
        "narHash": "sha256-EcrMe1WbxD9id6JhvmaHQfW+mPjzrAqqeZ47Xp3sRoc=",
        "owner": "tsowell",
        "repo": "wiremix",
        "rev": "05a40ca2a147ce3e015802acc62b2e7bb3711bde",
        "type": "github"
      },
      "original": {
        "owner": "tsowell",
        "repo": "wiremix",
        "type": "github"
      }
    }
  },
  "root": "root",
  "version": 7
}
